
Microsoft Visual Studio Solution File, Format Version 12.00
# Visual Studio Version 17
VisualStudioVersion = 17.3.32929.385
MinimumVisualStudioVersion = 10.0.40219.1
Project("{FAE04EC0-301F-11D3-BF4B-00C04F79EFBC}") = "OceanHunt", "OceanHunt\OceanHunt.csproj", "{A3BB809D-5E9A-4155-AD22-FCAC3C6CA8B4}"
EndProject
Global
	GlobalSection(SolutionConfigurationPlatforms) = preSolution
		Debug|Any CPU = Debug|Any CPU
		Release|Any CPU = Release|Any CPU
	EndGlobalSection
	GlobalSection(ProjectConfigurationPlatforms) = postSolution
		{A3BB809D-5E9A-4155-AD22-FCAC3C6CA8B4}.Debug|Any CPU.ActiveCfg = Debug|Any CPU
		{A3BB809D-5E9A-4155-AD22-FCAC3C6CA8B4}.Debug|Any CPU.Build.0 = Debug|Any CPU
		{A3BB809D-5E9A-4155-AD22-FCAC3C6CA8B4}.Release|Any CPU.ActiveCfg = Release|Any CPU
		{A3BB809D-5E9A-4155-AD22-FCAC3C6CA8B4}.Release|Any CPU.Build.0 = Release|Any CPU
	EndGlobalSection
	GlobalSection(SolutionProperties) = preSolution
		HideSolutionNode = FALSE
	EndGlobalSection
	GlobalSection(ExtensibilityGlobals) = postSolution
		SolutionGuid = {F4B94AC6-467A-44DC-B2DA-530DF9E0B469}
	EndGlobalSection
EndGlobal
